
Microsoft Visual Studio Solution File, Format Version 12.00
# Visual Studio Version 16
VisualStudioVersion = 16.0.29409.12
MinimumVisualStudioVersion = 10.0.40219.1
Project("{FAE04EC0-301F-11D3-BF4B-00C04F79EFBC}") = "ListBox", "ListBox\ListBox.csproj", "{AE035CB1-221C-4187-A705-681F01599185}"
EndProject
Global
	GlobalSection(SolutionConfigurationPlatforms) = preSolution
		Debug|Any CPU = Debug|Any CPU
		Release|Any CPU = Release|Any CPU
	EndGlobalSection
	GlobalSection(ProjectConfigurationPlatforms) = postSolution
		{AE035CB1-221C-4187-A705-681F01599185}.Debug|Any CPU.ActiveCfg = Debug|Any CPU
		{AE035CB1-221C-4187-A705-681F01599185}.Debug|Any CPU.Build.0 = Debug|Any CPU
		{AE035CB1-221C-4187-A705-681F01599185}.Release|Any CPU.ActiveCfg = Release|Any CPU
		{AE035CB1-221C-4187-A705-681F01599185}.Release|Any CPU.Build.0 = Release|Any CPU
	EndGlobalSection
	GlobalSection(SolutionProperties) = preSolution
		HideSolutionNode = FALSE
	EndGlobalSection
	GlobalSection(ExtensibilityGlobals) = postSolution
		SolutionGuid = {85B91AAC-FBCF-4869-8198-D41BAC08C0D2}
	EndGlobalSection
EndGlobal
